// !$*UTF8*$!
{
	archiveVersion = 1;
	classes = {
	};
	objectVersion = 56;
	objects = {

/* Begin PBXBuildFile section */
		734166F729D146DE00781A97 /* Test002App.swift in Sources */ = {isa = PBXBuildFile; fileRef = 734166F629D146DE00781A97 /* Test002App.swift */; };
		734166F929D146DE00781A97 /* ContentView.swift in Sources */ = {isa = PBXBuildFile; fileRef = 734166F829D146DE00781A97 /* ContentView.swift */; };
		734166FB29D146DF00781A97 /* Assets.xcassets in Resources */ = {isa = PBXBuildFile; fileRef = 734166FA29D146DF00781A97 /* Assets.xcassets */; };
		734166FE29D146DF00781A97 /* Preview Assets.xcassets in Resources */ = {isa = PBXBuildFile; fileRef = 734166FD29D146DF00781A97 /* Preview Assets.xcassets */; };
		7341670829D146DF00781A97 /* Test002Tests.swift in Sources */ = {isa = PBXBuildFile; fileRef = 7341670729D146DF00781A97 /* Test002Tests.swift */; };
		7341671229D146DF00781A97 /* Test002UITests.swift in Sources */ = {isa = PBXBuildFile; fileRef = 7341671129D146DF00781A97 /* Test002UITests.swift */; };
		7341671429D146DF00781A97 /* Test002UITestsLaunchTests.swift in Sources */ = {isa = PBXBuildFile; fileRef = 7341671329D146DF00781A97 /* Test002UITestsLaunchTests.swift */; };
		7341672129D1471500781A97 /* ContentSlide0View.swift in Sources */ = {isa = PBXBuildFile; fileRef = 7341672029D1471500781A97 /* ContentSlide0View.swift */; };
		738FD8AB29D1B21900FCF41D /* StoryView.swift in Sources */ = {isa = PBXBuildFile; fileRef = 738FD8AA29D1B21900FCF41D /* StoryView.swift */; };
		73F771F329D181A5007E8F88 /* PreReportView.swift in Sources */ = {isa = PBXBuildFile; fileRef = 73F771F229D181A5007E8F88 /* PreReportView.swift */; };
/* End PBXBuildFile section */

/* Begin PBXContainerItemProxy section */
		7341670429D146DF00781A97 /* PBXContainerItemProxy */ = {
			isa = PBXContainerItemProxy;
			containerPortal = 734166EB29D146DE00781A97 /* Project object */;
			proxyType = 1;
			remoteGlobalIDString = 734166F229D146DE00781A97;
			remoteInfo = Test002;
		};
		7341670E29D146DF00781A97 /* PBXContainerItemProxy */ = {
			isa = PBXContainerItemProxy;
			containerPortal = 734166EB29D146DE00781A97 /* Project object */;
			proxyType = 1;
			remoteGlobalIDString = 734166F229D146DE00781A97;
			remoteInfo = Test002;
		};
/* End PBXContainerItemProxy section */

/* Begin PBXFileReference section */
		734166F329D146DE00781A97 /* Test002.app */ = {isa = PBXFileReference; explicitFileType = wrapper.application; includeInIndex = 0; path = Test002.app; sourceTree = BUILT_PRODUCTS_DIR; };
		734166F629D146DE00781A97 /* Test002App.swift */ = {isa = PBXFileReference; lastKnownFileType = sourcecode.swift; path = Test002App.swift; sourceTree = "<group>"; };
		734166F829D146DE00781A97 /* ContentView.swift */ = {isa = PBXFileReference; lastKnownFileType = sourcecode.swift; path = ContentView.swift; sourceTree = "<group>"; };
		734166FA29D146DF00781A97 /* Assets.xcassets */ = {isa = PBXFileReference; lastKnownFileType = folder.assetcatalog; path = Assets.xcassets; sourceTree = "<group>"; };
		734166FD29D146DF00781A97 /* Preview Assets.xcassets */ = {isa = PBXFileReference; lastKnownFileType = folder.assetcatalog; path = "Preview Assets.xcassets"; sourceTree = "<group>"; };
		7341670329D146DF00781A97 /* Test002Tests.xctest */ = {isa = PBXFileReference; explicitFileType = wrapper.cfbundle; includeInIndex = 0; path = Test002Tests.xctest; sourceTree = BUILT_PRODUCTS_DIR; };
		7341670729D146DF00781A97 /* Test002Tests.swift */ = {isa = PBXFileReference; lastKnownFileType = sourcecode.swift; path = Test002Tests.swift; sourceTree = "<group>"; };
		7341670D29D146DF00781A97 /* Test002UITests.xctest */ = {isa = PBXFileReference; explicitFileType = wrapper.cfbundle; includeInIndex = 0; path = Test002UITests.xctest; sourceTree = BUILT_PRODUCTS_DIR; };
		7341671129D146DF00781A97 /* Test002UITests.swift */ = {isa = PBXFileReference; lastKnownFileType = sourcecode.swift; path = Test002UITests.swift; sourceTree = "<group>"; };
		7341671329D146DF00781A97 /* Test002UITestsLaunchTests.swift */ = {isa = PBXFileReference; lastKnownFileType = sourcecode.swift; path = Test002UITestsLaunchTests.swift; sourceTree = "<group>"; };
		7341672029D1471500781A97 /* ContentSlide0View.swift */ = {isa = PBXFileReference; lastKnownFileType = sourcecode.swift; path = ContentSlide0View.swift; sourceTree = "<group>"; };
		738FD8AA29D1B21900FCF41D /* StoryView.swift */ = {isa = PBXFileReference; lastKnownFileType = sourcecode.swift; path = StoryView.swift; sourceTree = "<group>"; };
		73F771F229D181A5007E8F88 /* PreReportView.swift */ = {isa = PBXFileReference; lastKnownFileType = sourcecode.swift; path = PreReportView.swift; sourceTree = "<group>"; };
/* End PBXFileReference section */

/* Begin PBXFrameworksBuildPhase section */
		734166F029D146DE00781A97 /* Frameworks */ = {
			isa = PBXFrameworksBuildPhase;
			buildActionMask = 2147483647;
			files = (
			);
			runOnlyForDeploymentPostprocessing = 0;
		};
		7341670029D146DF00781A97 /* Frameworks */ = {
			isa = PBXFrameworksBuildPhase;
			buildActionMask = 2147483647;
			files = (
			);
			runOnlyForDeploymentPostprocessing = 0;
		};
		7341670A29D146DF00781A97 /* Frameworks */ = {
			isa = PBXFrameworksBuildPhase;
			buildActionMask = 2147483647;
			files = (
			);
			runOnlyForDeploymentPostprocessing = 0;
		};
/* End PBXFrameworksBuildPhase section */

/* Begin PBXGroup section */
		734166EA29D146DE00781A97 = {
			isa = PBXGroup;
			children = (
				734166F529D146DE00781A97 /* Test002 */,
				7341670629D146DF00781A97 /* Test002Tests */,
				7341671029D146DF00781A97 /* Test002UITests */,
				734166F429D146DE00781A97 /* Products */,
			);
			sourceTree = "<group>";
		};
		734166F429D146DE00781A97 /* Products */ = {
			isa = PBXGroup;
			children = (
				734166F329D146DE00781A97 /* Test002.app */,
				7341670329D146DF00781A97 /* Test002Tests.xctest */,
				7341670D29D146DF00781A97 /* Test002UITests.xctest */,
			);
			name = Products;
			sourceTree = "<group>";
		};
		734166F529D146DE00781A97 /* Test002 */ = {
			isa = PBXGroup;
			children = (
				734166F629D146DE00781A97 /* Test002App.swift */,
				734166F829D146DE00781A97 /* ContentView.swift */,
				7341672029D1471500781A97 /* ContentSlide0View.swift */,
				738FD8AA29D1B21900FCF41D /* StoryView.swift */,
				73F771F229D181A5007E8F88 /* PreReportView.swift */,
				734166FA29D146DF00781A97 /* Assets.xcassets */,
				734166FC29D146DF00781A97 /* Preview Content */,
			);
			path = Test002;
			sourceTree = "<group>";
		};
		734166FC29D146DF00781A97 /* Preview Content */ = {
			isa = PBXGroup;
			children = (
				734166FD29D146DF00781A97 /* Preview Assets.xcassets */,
			);
			path = "Preview Content";
			sourceTree = "<group>";
		};
		7341670629D146DF00781A97 /* Test002Tests */ = {
			isa = PBXGroup;
			children = (
				7341670729D146DF00781A97 /* Test002Tests.swift */,
			);
			path = Test002Tests;
			sourceTree = "<group>";
		};
		7341671029D146DF00781A97 /* Test002UITests */ = {
			isa = PBXGroup;
			children = (
				7341671129D146DF00781A97 /* Test002UITests.swift */,
				7341671329D146DF00781A97 /* Test002UITestsLaunchTests.swift */,
			);
			path = Test002UITests;
			sourceTree = "<group>";
		};
/* End PBXGroup section */

/* Begin PBXNativeTarget section */
		734166F229D146DE00781A97 /* Test002 */ = {
			isa = PBXNativeTarget;
			buildConfigurationList = 7341671729D146DF00781A97 /* Build configuration list for PBXNativeTarget "Test002" */;
			buildPhases = (
				734166EF29D146DE00781A97 /* Sources */,
				734166F029D146DE00781A97 /* Frameworks */,
				734166F129D146DE00781A97 /* Resources */,
			);
			buildRules = (
			);
			dependencies = (
			);
			name = Test002;
			productName = Test002;
			productReference = 734166F329D146DE00781A97 /* Test002.app */;
			productType = "com.apple.product-type.application";
		};
		7341670229D146DF00781A97 /* Test002Tests */ = {
			isa = PBXNativeTarget;
			buildConfigurationList = 7341671A29D146DF00781A97 /* Build configuration list for PBXNativeTarget "Test002Tests" */;
			buildPhases = (
				734166FF29D146DF00781A97 /* Sources */,
				7341670029D146DF00781A97 /* Frameworks */,
				7341670129D146DF00781A97 /* Resources */,
			);
			buildRules = (
			);
			dependencies = (
				7341670529D146DF00781A97 /* PBXTargetDependency */,
			);
			name = Test002Tests;
			productName = Test002Tests;
			productReference = 7341670329D146DF00781A97 /* Test002Tests.xctest */;
			productType = "com.apple.product-type.bundle.unit-test";
		};
		7341670C29D146DF00781A97 /* Test002UITests */ = {
			isa = PBXNativeTarget;
			buildConfigurationList = 7341671D29D146DF00781A97 /* Build configuration list for PBXNativeTarget "Test002UITests" */;
			buildPhases = (
				7341670929D146DF00781A97 /* Sources */,
				7341670A29D146DF00781A97 /* Frameworks */,
				7341670B29D146DF00781A97 /* Resources */,
			);
			buildRules = (
			);
			dependencies = (
				7341670F29D146DF00781A97 /* PBXTargetDependency */,
			);
			name = Test002UITests;
			productName = Test002UITests;
			productReference = 7341670D29D146DF00781A97 /* Test002UITests.xctest */;
			productType = "com.apple.product-type.bundle.ui-testing";
		};
/* End PBXNativeTarget section */

/* Begin PBXProject section */
		734166EB29D146DE00781A97 /* Project object */ = {
			isa = PBXProject;
			attributes = {
				BuildIndependentTargetsInParallel = 1;
				LastSwiftUpdateCheck = 1420;
				LastUpgradeCheck = 1420;
				TargetAttributes = {
					734166F229D146DE00781A97 = {
						CreatedOnToolsVersion = 14.2;
					};
					7341670229D146DF00781A97 = {
						CreatedOnToolsVersion = 14.2;
						TestTargetID = 734166F229D146DE00781A97;
					};
					7341670C29D146DF00781A97 = {
						CreatedOnToolsVersion = 14.2;
						TestTargetID = 734166F229D146DE00781A97;
					};
				};
			};
			buildConfigurationList = 734166EE29D146DE00781A97 /* Build configuration list for PBXProject "Test002" */;
			compatibilityVersion = "Xcode 14.0";
			developmentRegion = en;
			hasScannedForEncodings = 0;
			knownRegions = (
				en,
				Base,
			);
			mainGroup = 734166EA29D146DE00781A97;
			productRefGroup = 734166F429D146DE00781A97 /* Products */;
			projectDirPath = "";
			projectRoot = "";
			targets = (
				734166F229D146DE00781A97 /* Test002 */,
				7341670229D146DF00781A97 /* Test002Tests */,
				7341670C29D146DF00781A97 /* Test002UITests */,
			);
		};
/* End PBXProject section */

/* Begin PBXResourcesBuildPhase section */
		734166F129D146DE00781A97 /* Resources */ = {
			isa = PBXResourcesBuildPhase;
			buildActionMask = 2147483647;
			files = (
				734166FE29D146DF00781A97 /* Preview Assets.xcassets in Resources */,
				734166FB29D146DF00781A97 /* Assets.xcassets in Resources */,
			);
			runOnlyForDeploymentPostprocessing = 0;
		};
		7341670129D146DF00781A97 /* Resources */ = {
			isa = PBXResourcesBuildPhase;
			buildActionMask = 2147483647;
			files = (
			);
			runOnlyForDeploymentPostprocessing = 0;
		};
		7341670B29D146DF00781A97 /* Resources */ = {
			isa = PBXResourcesBuildPhase;
			buildActionMask = 2147483647;
			files = (
			);
			runOnlyForDeploymentPostprocessing = 0;
		};
/* End PBXResourcesBuildPhase section */

/* Begin PBXSourcesBuildPhase section */
		734166EF29D146DE00781A97 /* Sources */ = {
			isa = PBXSourcesBuildPhase;
			buildActionMask = 2147483647;
			files = (
				738FD8AB29D1B21900FCF41D /* StoryView.swift in Sources */,
				73F771F329D181A5007E8F88 /* PreReportView.swift in Sources */,
				7341672129D1471500781A97 /* ContentSlide0View.swift in Sources */,
				734166F929D146DE00781A97 /* ContentView.swift in Sources */,
				734166F729D146DE00781A97 /* Test002App.swift in Sources */,
			);
			runOnlyForDeploymentPostprocessing = 0;
		};
		734166FF29D146DF00781A97 /* Sources */ = {
			isa = PBXSourcesBuildPhase;
			buildActionMask = 2147483647;
			files = (
				7341670829D146DF00781A97 /* Test002Tests.swift in Sources */,
			);
			runOnlyForDeploymentPostprocessing = 0;
		};
		7341670929D146DF00781A97 /* Sources */ = {
			isa = PBXSourcesBuildPhase;
			buildActionMask = 2147483647;
			files = (
				7341671229D146DF00781A97 /* Test002UITests.swift in Sources */,
				7341671429D146DF00781A97 /* Test002UITestsLaunchTests.swift in Sources */,
			);
			runOnlyForDeploymentPostprocessing = 0;
		};
/* End PBXSourcesBuildPhase section */

/* Begin PBXTargetDependency section */
		7341670529D146DF00781A97 /* PBXTargetDependency */ = {
			isa = PBXTargetDependency;
			target = 734166F229D146DE00781A97 /* Test002 */;
			targetProxy = 7341670429D146DF00781A97 /* PBXContainerItemProxy */;
		};
		7341670F29D146DF00781A97 /* PBXTargetDependency */ = {
			isa = PBXTargetDependency;
			target = 734166F229D146DE00781A97 /* Test002 */;
			targetProxy = 7341670E29D146DF00781A97 /* PBXContainerItemProxy */;
		};
/* End PBXTargetDependency section */

/* Begin XCBuildConfiguration section */
		7341671529D146DF00781A97 /* Debug */ = {
			isa = XCBuildConfiguration;
			buildSettings = {
				ALWAYS_SEARCH_USER_PATHS = NO;
				CLANG_ANALYZER_NONNULL = YES;
				CLANG_ANALYZER_NUMBER_OBJECT_CONVERSION = YES_AGGRESSIVE;
				CLANG_CXX_LANGUAGE_STANDARD = "gnu++20";
				CLANG_ENABLE_MODULES = YES;
				CLANG_ENABLE_OBJC_ARC = YES;
				CLANG_ENABLE_OBJC_WEAK = YES;
				CLANG_WARN_BLOCK_CAPTURE_AUTORELEASING = YES;
				CLANG_WARN_BOOL_CONVERSION = YES;
				CLANG_WARN_COMMA = YES;
				CLANG_WARN_CONSTANT_CONVERSION = YES;
				CLANG_WARN_DEPRECATED_OBJC_IMPLEMENTATIONS = YES;
				CLANG_WARN_DIRECT_OBJC_ISA_USAGE = YES_ERROR;
				CLANG_WARN_DOCUMENTATION_COMMENTS = YES;
				CLANG_WARN_EMPTY_BODY = YES;
				CLANG_WARN_ENUM_CONVERSION = YES;
				CLANG_WARN_INFINITE_RECURSION = YES;
				CLANG_WARN_INT_CONVERSION = YES;
				CLANG_WARN_NON_LITERAL_NULL_CONVERSION = YES;
				CLANG_WARN_OBJC_IMPLICIT_RETAIN_SELF = YES;
				CLANG_WARN_OBJC_LITERAL_CONVERSION = YES;
				CLANG_WARN_OBJC_ROOT_CLASS = YES_ERROR;
				CLANG_WARN_QUOTED_INCLUDE_IN_FRAMEWORK_HEADER = YES;
				CLANG_WARN_RANGE_LOOP_ANALYSIS = YES;
				CLANG_WARN_STRICT_PROTOTYPES = YES;
				CLANG_WARN_SUSPICIOUS_MOVE = YES;
				CLANG_WARN_UNGUARDED_AVAILABILITY = YES_AGGRESSIVE;
				CLANG_WARN_UNREACHABLE_CODE = YES;
				CLANG_WARN__DUPLICATE_METHOD_MATCH = YES;
				COPY_PHASE_STRIP = NO;
				DEBUG_INFORMATION_FORMAT = dwarf;
				ENABLE_STRICT_OBJC_MSGSEND = YES;
				ENABLE_TESTABILITY = YES;
				GCC_C_LANGUAGE_STANDARD = gnu11;
				GCC_DYNAMIC_NO_PIC = NO;
				GCC_NO_COMMON_BLOCKS = YES;
				GCC_OPTIMIZATION_LEVEL = 0;
				GCC_PREPROCESSOR_DEFINITIONS = (
					"DEBUG=1",
					"$(inherited)",
				);
				GCC_WARN_64_TO_32_BIT_CONVERSION = YES;
				GCC_WARN_ABOUT_RETURN_TYPE = YES_ERROR;
				GCC_WARN_UNDECLARED_SELECTOR = YES;
				GCC_WARN_UNINITIALIZED_AUTOS = YES_AGGRESSIVE;
				GCC_WARN_UNUSED_FUNCTION = YES;
				GCC_WARN_UNUSED_VARIABLE = YES;
				IPHONEOS_DEPLOYMENT_TARGET = 16.2;
				MTL_ENABLE_DEBUG_INFO = INCLUDE_SOURCE;
				MTL_FAST_MATH = YES;
				ONLY_ACTIVE_ARCH = YES;
				SDKROOT = iphoneos;
				SWIFT_ACTIVE_COMPILATION_CONDITIONS = DEBUG;
				SWIFT_OPTIMIZATION_LEVEL = "-Onone";
			};
			name = Debug;
		};
		7341671629D146DF00781A97 /* Release */ = {
			isa = XCBuildConfiguration;
			buildSettings = {
				ALWAYS_SEARCH_USER_PATHS = NO;
				CLANG_ANALYZER_NONNULL = YES;
				CLANG_ANALYZER_NUMBER_OBJECT_CONVERSION = YES_AGGRESSIVE;
				CLANG_CXX_LANGUAGE_STANDARD = "gnu++20";
				CLANG_ENABLE_MODULES = YES;
				CLANG_ENABLE_OBJC_ARC = YES;
				CLANG_ENABLE_OBJC_WEAK = YES;
				CLANG_WARN_BLOCK_CAPTURE_AUTORELEASING = YES;
				CLANG_WARN_BOOL_CONVERSION = YES;
				CLANG_WARN_COMMA = YES;
				CLANG_WARN_CONSTANT_CONVERSION = YES;
				CLANG_WARN_DEPRECATED_OBJC_IMPLEMENTATIONS = YES;
				CLANG_WARN_DIRECT_OBJC_ISA_USAGE = YES_ERROR;
				CLANG_WARN_DOCUMENTATION_COMMENTS = YES;
				CLANG_WARN_EMPTY_BODY = YES;
				CLANG_WARN_ENUM_CONVERSION = YES;
				CLANG_WARN_INFINITE_RECURSION = YES;
				CLANG_WARN_INT_CONVERSION = YES;
				CLANG_WARN_NON_LITERAL_NULL_CONVERSION = YES;
				CLANG_WARN_OBJC_IMPLICIT_RETAIN_SELF = YES;
				CLANG_WARN_OBJC_LITERAL_CONVERSION = YES;
				CLANG_WARN_OBJC_ROOT_CLASS = YES_ERROR;
				CLANG_WARN_QUOTED_INCLUDE_IN_FRAMEWORK_HEADER = YES;
				CLANG_WARN_RANGE_LOOP_ANALYSIS = YES;
				CLANG_WARN_STRICT_PROTOTYPES = YES;
				CLANG_WARN_SUSPICIOUS_MOVE = YES;
				CLANG_WARN_UNGUARDED_AVAILABILITY = YES_AGGRESSIVE;
				CLANG_WARN_UNREACHABLE_CODE = YES;
				CLANG_WARN__DUPLICATE_METHOD_MATCH = YES;
				COPY_PHASE_STRIP = NO;
				DEBUG_INFORMATION_FORMAT = "dwarf-with-dsym";
				ENABLE_NS_ASSERTIONS = NO;
				ENABLE_STRICT_OBJC_MSGSEND = YES;
				GCC_C_LANGUAGE_STANDARD = gnu11;
				GCC_NO_COMMON_BLOCKS = YES;
				GCC_WARN_64_TO_32_BIT_CONVERSION = YES;
				GCC_WARN_ABOUT_RETURN_TYPE = YES_ERROR;
				GCC_WARN_UNDECLARED_SELECTOR = YES;
				GCC_WARN_UNINITIALIZED_AUTOS = YES_AGGRESSIVE;
				GCC_WARN_UNUSED_FUNCTION = YES;
				GCC_WARN_UNUSED_VARIABLE = YES;
				IPHONEOS_DEPLOYMENT_TARGET = 16.2;
				MTL_ENABLE_DEBUG_INFO = NO;
				MTL_FAST_MATH = YES;
				SDKROOT = iphoneos;
				SWIFT_COMPILATION_MODE = wholemodule;
				SWIFT_OPTIMIZATION_LEVEL = "-O";
				VALIDATE_PRODUCT = YES;
			};
			name = Release;
		};
		7341671829D146DF00781A97 /* Debug */ = {
			isa = XCBuildConfiguration;
			buildSettings = {
				ASSETCATALOG_COMPILER_APPICON_NAME = AppIcon;
				ASSETCATALOG_COMPILER_GLOBAL_ACCENT_COLOR_NAME = AccentColor;
				CODE_SIGN_STYLE = Automatic;
				CURRENT_PROJECT_VERSION = 1;
				DEVELOPMENT_ASSET_PATHS = "\"Test002/Preview Content\"";
				DEVELOPMENT_TEAM = 3YTM76FTHB;
				ENABLE_PREVIEWS = YES;
				GENERATE_INFOPLIST_FILE = YES;
				INFOPLIST_KEY_UIApplicationSceneManifest_Generation = YES;
				INFOPLIST_KEY_UIApplicationSupportsIndirectInputEvents = YES;
				INFOPLIST_KEY_UILaunchScreen_Generation = YES;
				INFOPLIST_KEY_UISupportedInterfaceOrientations_iPad = "UIInterfaceOrientationPortrait UIInterfaceOrientationPortraitUpsideDown UIInterfaceOrientationLandscapeLeft UIInterfaceOrientationLandscapeRight";
				INFOPLIST_KEY_UISupportedInterfaceOrientations_iPhone = "UIInterfaceOrientationPortrait UIInterfaceOrientationLandscapeLeft UIInterfaceOrientationLandscapeRight";
				LD_RUNPATH_SEARCH_PATHS = (
					"$(inherited)",
					"@executable_path/Frameworks",
				);
				MARKETING_VERSION = 1.0;
				PRODUCT_BUNDLE_IDENTIFIER = Personal.Test002;
				PRODUCT_NAME = "$(TARGET_NAME)";
				SWIFT_EMIT_LOC_STRINGS = YES;
				SWIFT_VERSION = 5.0;
				TARGETED_DEVICE_FAMILY = "1,2";
			};
			name = Debug;
		};
		7341671929D146DF00781A97 /* Release */ = {
			isa = XCBuildConfiguration;
			buildSettings = {
				ASSETCATALOG_COMPILER_APPICON_NAME = AppIcon;
				ASSETCATALOG_COMPILER_GLOBAL_ACCENT_COLOR_NAME = AccentColor;
				CODE_SIGN_STYLE = Automatic;
				CURRENT_PROJECT_VERSION = 1;
				DEVELOPMENT_ASSET_PATHS = "\"Test002/Preview Content\"";
				DEVELOPMENT_TEAM = 3YTM76FTHB;
				ENABLE_PREVIEWS = YES;
				GENERATE_INFOPLIST_FILE = YES;
				INFOPLIST_KEY_UIApplicationSceneManifest_Generation = YES;
				INFOPLIST_KEY_UIApplicationSupportsIndirectInputEvents = YES;
				INFOPLIST_KEY_UILaunchScreen_Generation = YES;
				INFOPLIST_KEY_UISupportedInterfaceOrientations_iPad = "UIInterfaceOrientationPortrait UIInterfaceOrientationPortraitUpsideDown UIInterfaceOrientationLandscapeLeft UIInterfaceOrientationLandscapeRight";
				INFOPLIST_KEY_UISupportedInterfaceOrientations_iPhone = "UIInterfaceOrientationPortrait UIInterfaceOrientationLandscapeLeft UIInterfaceOrientationLandscapeRight";
				LD_RUNPATH_SEARCH_PATHS = (
					"$(inherited)",
					"@executable_path/Frameworks",
				);
				MARKETING_VERSION = 1.0;
				PRODUCT_BUNDLE_IDENTIFIER = Personal.Test002;
				PRODUCT_NAME = "$(TARGET_NAME)";
				SWIFT_EMIT_LOC_STRINGS = YES;
				SWIFT_VERSION = 5.0;
				TARGETED_DEVICE_FAMILY = "1,2";
			};
			name = Release;
		};
		7341671B29D146DF00781A97 /* Debug */ = {
			isa = XCBuildConfiguration;
			buildSettings = {
				ALWAYS_EMBED_SWIFT_STANDARD_LIBRARIES = YES;
				BUNDLE_LOADER = "$(TEST_HOST)";
				CODE_SIGN_STYLE = Automatic;
				CURRENT_PROJECT_VERSION = 1;
				DEVELOPMENT_TEAM = 3YTM76FTHB;
				GENERATE_INFOPLIST_FILE = YES;
				IPHONEOS_DEPLOYMENT_TARGET = 16.2;
				MARKETING_VERSION = 1.0;
				PRODUCT_BUNDLE_IDENTIFIER = Personal.Test002Tests;
				PRODUCT_NAME = "$(TARGET_NAME)";
				SWIFT_EMIT_LOC_STRINGS = NO;
				SWIFT_VERSION = 5.0;
				TARGETED_DEVICE_FAMILY = "1,2";
				TEST_HOST = "$(BUILT_PRODUCTS_DIR)/Test002.app/$(BUNDLE_EXECUTABLE_FOLDER_PATH)/Test002";
			};
			name = Debug;
		};
		7341671C29D146DF00781A97 /* Release */ = {
			isa = XCBuildConfiguration;
			buildSettings = {
				ALWAYS_EMBED_SWIFT_STANDARD_LIBRARIES = YES;
				BUNDLE_LOADER = "$(TEST_HOST)";
				CODE_SIGN_STYLE = Automatic;
				CURRENT_PROJECT_VERSION = 1;
				DEVELOPMENT_TEAM = 3YTM76FTHB;
				GENERATE_INFOPLIST_FILE = YES;
				IPHONEOS_DEPLOYMENT_TARGET = 16.2;
				MARKETING_VERSION = 1.0;
				PRODUCT_BUNDLE_IDENTIFIER = Personal.Test002Tests;
				PRODUCT_NAME = "$(TARGET_NAME)";
				SWIFT_EMIT_LOC_STRINGS = NO;
				SWIFT_VERSION = 5.0;
				TARGETED_DEVICE_FAMILY = "1,2";
				TEST_HOST = "$(BUILT_PRODUCTS_DIR)/Test002.app/$(BUNDLE_EXECUTABLE_FOLDER_PATH)/Test002";
			};
			name = Release;
		};
		7341671E29D146DF00781A97 /* Debug */ = {
			isa = XCBuildConfiguration;
			buildSettings = {
				ALWAYS_EMBED_SWIFT_STANDARD_LIBRARIES = YES;
				CODE_SIGN_STYLE = Automatic;
				CURRENT_PROJECT_VERSION = 1;
				DEVELOPMENT_TEAM = 3YTM76FTHB;
				GENERATE_INFOPLIST_FILE = YES;
				MARKETING_VERSION = 1.0;
				PRODUCT_BUNDLE_IDENTIFIER = Personal.Test002UITests;
				PRODUCT_NAME = "$(TARGET_NAME)";
				SWIFT_EMIT_LOC_STRINGS = NO;
				SWIFT_VERSION = 5.0;
				TARGETED_DEVICE_FAMILY = "1,2";
				TEST_TARGET_NAME = Test002;
			};
			name = Debug;
		};
		7341671F29D146DF00781A97 /* Release */ = {
			isa = XCBuildConfiguration;
			buildSettings = {
				ALWAYS_EMBED_SWIFT_STANDARD_LIBRARIES = YES;
				CODE_SIGN_STYLE = Automatic;
				CURRENT_PROJECT_VERSION = 1;
				DEVELOPMENT_TEAM = 3YTM76FTHB;
				GENERATE_INFOPLIST_FILE = YES;
				MARKETING_VERSION = 1.0;
				PRODUCT_BUNDLE_IDENTIFIER = Personal.Test002UITests;
				PRODUCT_NAME = "$(TARGET_NAME)";
				SWIFT_EMIT_LOC_STRINGS = NO;
				SWIFT_VERSION = 5.0;
				TARGETED_DEVICE_FAMILY = "1,2";
				TEST_TARGET_NAME = Test002;
			};
			name = Release;
		};
/* End XCBuildConfiguration section */

/* Begin XCConfigurationList section */
		734166EE29D146DE00781A97 /* Build configuration list for PBXProject "Test002" */ = {
			isa = XCConfigurationList;
			buildConfigurations = (
				7341671529D146DF00781A97 /* Debug */,
				7341671629D146DF00781A97 /* Release */,
			);
			defaultConfigurationIsVisible = 0;
			defaultConfigurationName = Release;
		};
		7341671729D146DF00781A97 /* Build configuration list for PBXNativeTarget "Test002" */ = {
			isa = XCConfigurationList;
			buildConfigurations = (
				7341671829D146DF00781A97 /* Debug */,
				7341671929D146DF00781A97 /* Release */,
			);
			defaultConfigurationIsVisible = 0;
			defaultConfigurationName = Release;
		};
		7341671A29D146DF00781A97 /* Build configuration list for PBXNativeTarget "Test002Tests" */ = {
			isa = XCConfigurationList;
			buildConfigurations = (
				7341671B29D146DF00781A97 /* Debug */,
				7341671C29D146DF00781A97 /* Release */,
			);
			defaultConfigurationIsVisible = 0;
			defaultConfigurationName = Release;
		};
		7341671D29D146DF00781A97 /* Build configuration list for PBXNativeTarget "Test002UITests" */ = {
			isa = XCConfigurationList;
			buildConfigurations = (
				7341671E29D146DF00781A97 /* Debug */,
				7341671F29D146DF00781A97 /* Release */,
			);
			defaultConfigurationIsVisible = 0;
			defaultConfigurationName = Release;
		};
/* End XCConfigurationList section */
	};
	rootObject = 734166EB29D146DE00781A97 /* Project object */;
}
